
Microsoft Visual Studio Solution File, Format Version 12.00
# Visual Studio 14
VisualStudioVersion = 14.0.25420.1
MinimumVisualStudioVersion = 10.0.40219.1
Project("{FAE04EC0-301F-11D3-BF4B-00C04F79EFBC}") = "Xiaowen.SqlDetach.Basic", "Xiaowen.SqlDetach.Basic\Xiaowen.SqlDetach.Basic.csproj", "{3C0A3702-2FB5-49AC-82D9-B8EE9989A858}"
EndProject
Project("{FAE04EC0-301F-11D3-BF4B-00C04F79EFBC}") = "Xiaowen.SqlDetach.DAL", "Xiaowen.SqlDetach.DAL\Xiaowen.SqlDetach.DAL.csproj", "{34A90507-9462-41F4-B24A-E8D16DC1EA8A}"
EndProject
Project("{FAE04EC0-301F-11D3-BF4B-00C04F79EFBC}") = "Xiaowen.SqlDetach.MvcWebDemo", "Xiaowen.SqlDetach.MvcWebDemo\Xiaowen.SqlDetach.MvcWebDemo.csproj", "{26851EED-4EDC-46AB-9FEF-3299590E37CD}"
EndProject
Project("{FAE04EC0-301F-11D3-BF4B-00C04F79EFBC}") = "Xiaowen.SqlDetach.SQL", "Xiaowen.SqlDetach.SQL\Xiaowen.SqlDetach.SQL.csproj", "{001A662C-DABB-4BF3-9443-6897DE21B6FF}"
EndProject
Project("{FAE04EC0-301F-11D3-BF4B-00C04F79EFBC}") = "Xiaowen.SqlDetach.BLL", "Xiaowen.SqlDetach.BLL\Xiaowen.SqlDetach.BLL.csproj", "{478EC33A-12C0-4377-8ADF-55ADEECC35F9}"
EndProject
Project("{FAE04EC0-301F-11D3-BF4B-00C04F79EFBC}") = "Xiaowen.SqlDetach.Service", "Xiaowen.SqlDetach.Service\Xiaowen.SqlDetach.Service.csproj", "{11882F2C-AF90-4A15-80E7-921578771FD0}"
EndProject
Global
	GlobalSection(SolutionConfigurationPlatforms) = preSolution
		Debug|Any CPU = Debug|Any CPU
		Release|Any CPU = Release|Any CPU
	EndGlobalSection
	GlobalSection(ProjectConfigurationPlatforms) = postSolution
		{3C0A3702-2FB5-49AC-82D9-B8EE9989A858}.Debug|Any CPU.ActiveCfg = Debug|Any CPU
		{3C0A3702-2FB5-49AC-82D9-B8EE9989A858}.Debug|Any CPU.Build.0 = Debug|Any CPU
		{3C0A3702-2FB5-49AC-82D9-B8EE9989A858}.Release|Any CPU.ActiveCfg = Release|Any CPU
		{3C0A3702-2FB5-49AC-82D9-B8EE9989A858}.Release|Any CPU.Build.0 = Release|Any CPU
		{34A90507-9462-41F4-B24A-E8D16DC1EA8A}.Debug|Any CPU.ActiveCfg = Debug|Any CPU
		{34A90507-9462-41F4-B24A-E8D16DC1EA8A}.Debug|Any CPU.Build.0 = Debug|Any CPU
		{34A90507-9462-41F4-B24A-E8D16DC1EA8A}.Release|Any CPU.ActiveCfg = Release|Any CPU
		{34A90507-9462-41F4-B24A-E8D16DC1EA8A}.Release|Any CPU.Build.0 = Release|Any CPU
		{26851EED-4EDC-46AB-9FEF-3299590E37CD}.Debug|Any CPU.ActiveCfg = Debug|Any CPU
		{26851EED-4EDC-46AB-9FEF-3299590E37CD}.Debug|Any CPU.Build.0 = Debug|Any CPU
		{26851EED-4EDC-46AB-9FEF-3299590E37CD}.Release|Any CPU.ActiveCfg = Release|Any CPU
		{26851EED-4EDC-46AB-9FEF-3299590E37CD}.Release|Any CPU.Build.0 = Release|Any CPU
		{001A662C-DABB-4BF3-9443-6897DE21B6FF}.Debug|Any CPU.ActiveCfg = Debug|Any CPU
		{001A662C-DABB-4BF3-9443-6897DE21B6FF}.Debug|Any CPU.Build.0 = Debug|Any CPU
		{001A662C-DABB-4BF3-9443-6897DE21B6FF}.Release|Any CPU.ActiveCfg = Release|Any CPU
		{001A662C-DABB-4BF3-9443-6897DE21B6FF}.Release|Any CPU.Build.0 = Release|Any CPU
		{478EC33A-12C0-4377-8ADF-55ADEECC35F9}.Debug|Any CPU.ActiveCfg = Debug|Any CPU
		{478EC33A-12C0-4377-8ADF-55ADEECC35F9}.Debug|Any CPU.Build.0 = Debug|Any CPU
		{478EC33A-12C0-4377-8ADF-55ADEECC35F9}.Release|Any CPU.ActiveCfg = Release|Any CPU
		{478EC33A-12C0-4377-8ADF-55ADEECC35F9}.Release|Any CPU.Build.0 = Release|Any CPU
		{11882F2C-AF90-4A15-80E7-921578771FD0}.Debug|Any CPU.ActiveCfg = Debug|Any CPU
		{11882F2C-AF90-4A15-80E7-921578771FD0}.Debug|Any CPU.Build.0 = Debug|Any CPU
		{11882F2C-AF90-4A15-80E7-921578771FD0}.Release|Any CPU.ActiveCfg = Release|Any CPU
		{11882F2C-AF90-4A15-80E7-921578771FD0}.Release|Any CPU.Build.0 = Release|Any CPU
	EndGlobalSection
	GlobalSection(SolutionProperties) = preSolution
		HideSolutionNode = FALSE
	EndGlobalSection
EndGlobal
